
Microsoft Visual Studio Solution File, Format Version 12.00
# Visual Studio Version 17
VisualStudioVersion = 17.9.34728.123
MinimumVisualStudioVersion = 10.0.40219.1
Project("{FAE04EC0-301F-11D3-BF4B-00C04F79EFBC}") = "execoesnotaaluno", "execoesnotaaluno\execoesnotaaluno.csproj", "{FE7DF51B-18D2-426A-B277-6FD2A3C97915}"
EndProject
Global
	GlobalSection(SolutionConfigurationPlatforms) = preSolution
		Debug|Any CPU = Debug|Any CPU
		Release|Any CPU = Release|Any CPU
	EndGlobalSection
	GlobalSection(ProjectConfigurationPlatforms) = postSolution
		{FE7DF51B-18D2-426A-B277-6FD2A3C97915}.Debug|Any CPU.ActiveCfg = Debug|Any CPU
		{FE7DF51B-18D2-426A-B277-6FD2A3C97915}.Debug|Any CPU.Build.0 = Debug|Any CPU
		{FE7DF51B-18D2-426A-B277-6FD2A3C97915}.Release|Any CPU.ActiveCfg = Release|Any CPU
		{FE7DF51B-18D2-426A-B277-6FD2A3C97915}.Release|Any CPU.Build.0 = Release|Any CPU
	EndGlobalSection
	GlobalSection(SolutionProperties) = preSolution
		HideSolutionNode = FALSE
	EndGlobalSection
	GlobalSection(ExtensibilityGlobals) = postSolution
		SolutionGuid = {FDA04118-8D36-44E5-85B7-55E96C862893}
	EndGlobalSection
EndGlobal
